
Microsoft Visual Studio Solution File, Format Version 12.00
# Visual Studio 2013
VisualStudioVersion = 12.0.21005.1
MinimumVisualStudioVersion = 10.0.40219.1
Project("{FAE04EC0-301F-11D3-BF4B-00C04F79EFBC}") = "Program1", "ConsoleApplication1\Program1.csproj", "{3F45A3F0-DCE1-4A5A-93FF-AA2E0A2AF3CD}"
EndProject
Project("{FAE04EC0-301F-11D3-BF4B-00C04F79EFBC}") = "Program2", "Program2\Program2.csproj", "{BB264CC8-7A3B-4C7D-9D3E-4554AB6B69A0}"
EndProject
Global
	GlobalSection(SolutionConfigurationPlatforms) = preSolution
		Debug|Any CPU = Debug|Any CPU
		Release|Any CPU = Release|Any CPU
	EndGlobalSection
	GlobalSection(ProjectConfigurationPlatforms) = postSolution
		{3F45A3F0-DCE1-4A5A-93FF-AA2E0A2AF3CD}.Debug|Any CPU.ActiveCfg = Debug|Any CPU
		{3F45A3F0-DCE1-4A5A-93FF-AA2E0A2AF3CD}.Debug|Any CPU.Build.0 = Debug|Any CPU
		{3F45A3F0-DCE1-4A5A-93FF-AA2E0A2AF3CD}.Release|Any CPU.ActiveCfg = Release|Any CPU
		{3F45A3F0-DCE1-4A5A-93FF-AA2E0A2AF3CD}.Release|Any CPU.Build.0 = Release|Any CPU
		{BB264CC8-7A3B-4C7D-9D3E-4554AB6B69A0}.Debug|Any CPU.ActiveCfg = Debug|Any CPU
		{BB264CC8-7A3B-4C7D-9D3E-4554AB6B69A0}.Debug|Any CPU.Build.0 = Debug|Any CPU
		{BB264CC8-7A3B-4C7D-9D3E-4554AB6B69A0}.Release|Any CPU.ActiveCfg = Release|Any CPU
		{BB264CC8-7A3B-4C7D-9D3E-4554AB6B69A0}.Release|Any CPU.Build.0 = Release|Any CPU
	EndGlobalSection
	GlobalSection(SolutionProperties) = preSolution
		HideSolutionNode = FALSE
	EndGlobalSection
EndGlobal
